
Microsoft Visual Studio Solution File, Format Version 12.00
# Visual Studio Version 17
VisualStudioVersion = 17.5.002.0
MinimumVisualStudioVersion = 10.0.40219.1
Project("{9A19103F-16F7-4668-BE54-9A1E7A4F7556}") = "MtsToMp4Converter", "MtsToMp4Converter.csproj", "{36A57A33-097C-4C8B-91F0-FF525716BAC8}"
EndProject
Global
	GlobalSection(SolutionConfigurationPlatforms) = preSolution
		Debug|Any CPU = Debug|Any CPU
		Release|Any CPU = Release|Any CPU
	EndGlobalSection
	GlobalSection(ProjectConfigurationPlatforms) = postSolution
		{36A57A33-097C-4C8B-91F0-FF525716BAC8}.Debug|Any CPU.ActiveCfg = Debug|Any CPU
		{36A57A33-097C-4C8B-91F0-FF525716BAC8}.Debug|Any CPU.Build.0 = Debug|Any CPU
		{36A57A33-097C-4C8B-91F0-FF525716BAC8}.Release|Any CPU.ActiveCfg = Release|Any CPU
		{36A57A33-097C-4C8B-91F0-FF525716BAC8}.Release|Any CPU.Build.0 = Release|Any CPU
	EndGlobalSection
	GlobalSection(SolutionProperties) = preSolution
		HideSolutionNode = FALSE
	EndGlobalSection
	GlobalSection(ExtensibilityGlobals) = postSolution
		SolutionGuid = {C2D44785-9536-497B-B70D-812DE60E6630}
	EndGlobalSection
EndGlobal
